
Microsoft Visual Studio Solution File, Format Version 12.00
# Visual Studio Version 17
VisualStudioVersion = 17.5.33516.290
MinimumVisualStudioVersion = 10.0.40219.1
Project("{FAE04EC0-301F-11D3-BF4B-00C04F79EFBC}") = "Gprc.Shared", "Gprc.Shared\Gprc.Shared.csproj", "{DEB1A913-078B-4009-96BE-FC1C9F9DD636}"
EndProject
Project("{FAE04EC0-301F-11D3-BF4B-00C04F79EFBC}") = "Gprc.Product", "Gprc.Product\Gprc.Product.csproj", "{12DED04D-6522-4B88-BD52-417E90497A54}"
EndProject
Project("{FAE04EC0-301F-11D3-BF4B-00C04F79EFBC}") = "Gprc.Order", "Gprc.Order\Gprc.Order.csproj", "{E5C63D3C-AFE2-455A-8C97-9A37DD6DD10D}"
EndProject
Project("{FAE04EC0-301F-11D3-BF4B-00C04F79EFBC}") = "Gprc.API", "Gprc.API\Gprc.API.csproj", "{D8103D0A-61EB-4F4D-823C-E2988E566DC7}"
EndProject
Global
	GlobalSection(SolutionConfigurationPlatforms) = preSolution
		Debug|Any CPU = Debug|Any CPU
		Release|Any CPU = Release|Any CPU
	EndGlobalSection
	GlobalSection(ProjectConfigurationPlatforms) = postSolution
		{DEB1A913-078B-4009-96BE-FC1C9F9DD636}.Debug|Any CPU.ActiveCfg = Debug|Any CPU
		{DEB1A913-078B-4009-96BE-FC1C9F9DD636}.Debug|Any CPU.Build.0 = Debug|Any CPU
		{DEB1A913-078B-4009-96BE-FC1C9F9DD636}.Release|Any CPU.ActiveCfg = Release|Any CPU
		{DEB1A913-078B-4009-96BE-FC1C9F9DD636}.Release|Any CPU.Build.0 = Release|Any CPU
		{12DED04D-6522-4B88-BD52-417E90497A54}.Debug|Any CPU.ActiveCfg = Debug|Any CPU
		{12DED04D-6522-4B88-BD52-417E90497A54}.Debug|Any CPU.Build.0 = Debug|Any CPU
		{12DED04D-6522-4B88-BD52-417E90497A54}.Release|Any CPU.ActiveCfg = Release|Any CPU
		{12DED04D-6522-4B88-BD52-417E90497A54}.Release|Any CPU.Build.0 = Release|Any CPU
		{E5C63D3C-AFE2-455A-8C97-9A37DD6DD10D}.Debug|Any CPU.ActiveCfg = Debug|Any CPU
		{E5C63D3C-AFE2-455A-8C97-9A37DD6DD10D}.Debug|Any CPU.Build.0 = Debug|Any CPU
		{E5C63D3C-AFE2-455A-8C97-9A37DD6DD10D}.Release|Any CPU.ActiveCfg = Release|Any CPU
		{E5C63D3C-AFE2-455A-8C97-9A37DD6DD10D}.Release|Any CPU.Build.0 = Release|Any CPU
		{D8103D0A-61EB-4F4D-823C-E2988E566DC7}.Debug|Any CPU.ActiveCfg = Debug|Any CPU
		{D8103D0A-61EB-4F4D-823C-E2988E566DC7}.Debug|Any CPU.Build.0 = Debug|Any CPU
		{D8103D0A-61EB-4F4D-823C-E2988E566DC7}.Release|Any CPU.ActiveCfg = Release|Any CPU
		{D8103D0A-61EB-4F4D-823C-E2988E566DC7}.Release|Any CPU.Build.0 = Release|Any CPU
	EndGlobalSection
	GlobalSection(SolutionProperties) = preSolution
		HideSolutionNode = FALSE
	EndGlobalSection
	GlobalSection(ExtensibilityGlobals) = postSolution
		SolutionGuid = {AB5F81BE-88E4-4231-AB6F-A610E631AB85}
	EndGlobalSection
EndGlobal
